
Microsoft Visual Studio Solution File, Format Version 12.00
# Visual Studio Version 16
VisualStudioVersion = 16.0.31019.35
MinimumVisualStudioVersion = 10.0.40219.1
Project("{FAE04EC0-301F-11D3-BF4B-00C04F79EFBC}") = "CefFlashBrowser", "CefFlashBrowser\CefFlashBrowser.csproj", "{A6EC0A08-7E2C-4746-B964-69B10CCB4FDC}"
EndProject
Global
	GlobalSection(SolutionConfigurationPlatforms) = preSolution
		Debug|Any CPU = Debug|Any CPU
		Debug|x86 = Debug|x86
		Release|Any CPU = Release|Any CPU
		Release|x86 = Release|x86
	EndGlobalSection
	GlobalSection(ProjectConfigurationPlatforms) = postSolution
		{A6EC0A08-7E2C-4746-B964-69B10CCB4FDC}.Debug|Any CPU.ActiveCfg = Debug|Any CPU
		{A6EC0A08-7E2C-4746-B964-69B10CCB4FDC}.Debug|Any CPU.Build.0 = Debug|Any CPU
		{A6EC0A08-7E2C-4746-B964-69B10CCB4FDC}.Debug|x86.ActiveCfg = Debug|x86
		{A6EC0A08-7E2C-4746-B964-69B10CCB4FDC}.Debug|x86.Build.0 = Debug|x86
		{A6EC0A08-7E2C-4746-B964-69B10CCB4FDC}.Release|Any CPU.ActiveCfg = Release|Any CPU
		{A6EC0A08-7E2C-4746-B964-69B10CCB4FDC}.Release|Any CPU.Build.0 = Release|Any CPU
		{A6EC0A08-7E2C-4746-B964-69B10CCB4FDC}.Release|x86.ActiveCfg = Release|x86
		{A6EC0A08-7E2C-4746-B964-69B10CCB4FDC}.Release|x86.Build.0 = Release|x86
	EndGlobalSection
	GlobalSection(SolutionProperties) = preSolution
		HideSolutionNode = FALSE
	EndGlobalSection
	GlobalSection(ExtensibilityGlobals) = postSolution
		SolutionGuid = {E321FF0B-4EFA-4897-B5F4-6D7C456CE2AB}
	EndGlobalSection
EndGlobal
